
Microsoft Visual Studio Solution File, Format Version 12.00
Project("{FAE04EC0-301F-11D3-BF4B-00C04F79EFBC}") = "Turtle", "Turtle\Turtle.csproj", "{8737D56C-9BCE-401C-8F4B-C5DFAE5DC910}"
EndProject
Project("{FAE04EC0-301F-11D3-BF4B-00C04F79EFBC}") = "Tests", "Tests\Tests.csproj", "{1A8ECC21-5005-4ED2-8790-D6CD40C58A71}"
EndProject
Project("{FAE04EC0-301F-11D3-BF4B-00C04F79EFBC}") = "Turtle.TelegramBot", "Turtle.TelegramBot\Turtle.TelegramBot.csproj", "{1B244233-3283-41D9-9EA3-F127F888EFFF}"
EndProject
Project("{FAE04EC0-301F-11D3-BF4B-00C04F79EFBC}") = "Painter", "Painter\Painter.csproj", "{C8A4F925-FB8E-4F4D-81ED-0B242AD5C471}"
EndProject
Global
	GlobalSection(SolutionConfigurationPlatforms) = preSolution
		Debug|Any CPU = Debug|Any CPU
		Release|Any CPU = Release|Any CPU
	EndGlobalSection
	GlobalSection(ProjectConfigurationPlatforms) = postSolution
		{8737D56C-9BCE-401C-8F4B-C5DFAE5DC910}.Debug|Any CPU.ActiveCfg = Debug|Any CPU
		{8737D56C-9BCE-401C-8F4B-C5DFAE5DC910}.Debug|Any CPU.Build.0 = Debug|Any CPU
		{8737D56C-9BCE-401C-8F4B-C5DFAE5DC910}.Release|Any CPU.ActiveCfg = Release|Any CPU
		{8737D56C-9BCE-401C-8F4B-C5DFAE5DC910}.Release|Any CPU.Build.0 = Release|Any CPU
		{1A8ECC21-5005-4ED2-8790-D6CD40C58A71}.Debug|Any CPU.ActiveCfg = Debug|Any CPU
		{1A8ECC21-5005-4ED2-8790-D6CD40C58A71}.Debug|Any CPU.Build.0 = Debug|Any CPU
		{1A8ECC21-5005-4ED2-8790-D6CD40C58A71}.Release|Any CPU.ActiveCfg = Release|Any CPU
		{1A8ECC21-5005-4ED2-8790-D6CD40C58A71}.Release|Any CPU.Build.0 = Release|Any CPU
		{1B244233-3283-41D9-9EA3-F127F888EFFF}.Debug|Any CPU.ActiveCfg = Debug|Any CPU
		{1B244233-3283-41D9-9EA3-F127F888EFFF}.Debug|Any CPU.Build.0 = Debug|Any CPU
		{1B244233-3283-41D9-9EA3-F127F888EFFF}.Release|Any CPU.ActiveCfg = Release|Any CPU
		{1B244233-3283-41D9-9EA3-F127F888EFFF}.Release|Any CPU.Build.0 = Release|Any CPU
		{C8A4F925-FB8E-4F4D-81ED-0B242AD5C471}.Debug|Any CPU.ActiveCfg = Debug|Any CPU
		{C8A4F925-FB8E-4F4D-81ED-0B242AD5C471}.Debug|Any CPU.Build.0 = Debug|Any CPU
		{C8A4F925-FB8E-4F4D-81ED-0B242AD5C471}.Release|Any CPU.ActiveCfg = Release|Any CPU
		{C8A4F925-FB8E-4F4D-81ED-0B242AD5C471}.Release|Any CPU.Build.0 = Release|Any CPU
	EndGlobalSection
EndGlobal
